
Microsoft Visual Studio Solution File, Format Version 12.00
# Visual Studio Version 17
VisualStudioVersion = 17.8.34330.188
MinimumVisualStudioVersion = 10.0.40219.1
Project("{9A19103F-16F7-4668-BE54-9A1E7A4F7556}") = "UniversalLLMFunctionCaller", "UniversalLLMFunctionCaller\UniversalLLMFunctionCaller.csproj", "{660CAE90-1D47-4468-BE94-6D74C68B3E1F}"
EndProject
Project("{9A19103F-16F7-4668-BE54-9A1E7A4F7556}") = "UniversalLLMFunctionCallerDemo", "UniversalLLMFunctionCallerDemo\UniversalLLMFunctionCallerDemo.csproj", "{C034FED1-65C8-4EF2-B0A9-54577C8E29CD}"
EndProject
Project("{FAE04EC0-301F-11D3-BF4B-00C04F79EFBC}") = "UniversalLLMFunctionCallerUnitTests", "UniversalLLMFunctionCallerUnitTests\UniversalLLMFunctionCallerUnitTests.csproj", "{9803C539-0AA7-4CC0-9145-69A95EE78318}"
EndProject
Project("{2150E333-8FDC-42A3-9474-1A3956D46DE8}") = "Solution Items", "Solution Items", "{F79F6C77-47E2-47A9-9440-787055D5CAF7}"
	ProjectSection(SolutionItems) = preProject
		.editorconfig = .editorconfig
	EndProjectSection
EndProject
Global
	GlobalSection(SolutionConfigurationPlatforms) = preSolution
		Debug|Any CPU = Debug|Any CPU
		Release|Any CPU = Release|Any CPU
	EndGlobalSection
	GlobalSection(ProjectConfigurationPlatforms) = postSolution
		{660CAE90-1D47-4468-BE94-6D74C68B3E1F}.Debug|Any CPU.ActiveCfg = Debug|Any CPU
		{660CAE90-1D47-4468-BE94-6D74C68B3E1F}.Debug|Any CPU.Build.0 = Debug|Any CPU
		{660CAE90-1D47-4468-BE94-6D74C68B3E1F}.Release|Any CPU.ActiveCfg = Release|Any CPU
		{660CAE90-1D47-4468-BE94-6D74C68B3E1F}.Release|Any CPU.Build.0 = Release|Any CPU
		{C034FED1-65C8-4EF2-B0A9-54577C8E29CD}.Debug|Any CPU.ActiveCfg = Debug|Any CPU
		{C034FED1-65C8-4EF2-B0A9-54577C8E29CD}.Debug|Any CPU.Build.0 = Debug|Any CPU
		{C034FED1-65C8-4EF2-B0A9-54577C8E29CD}.Release|Any CPU.ActiveCfg = Release|Any CPU
		{C034FED1-65C8-4EF2-B0A9-54577C8E29CD}.Release|Any CPU.Build.0 = Release|Any CPU
		{9803C539-0AA7-4CC0-9145-69A95EE78318}.Debug|Any CPU.ActiveCfg = Debug|Any CPU
		{9803C539-0AA7-4CC0-9145-69A95EE78318}.Debug|Any CPU.Build.0 = Debug|Any CPU
		{9803C539-0AA7-4CC0-9145-69A95EE78318}.Release|Any CPU.ActiveCfg = Release|Any CPU
		{9803C539-0AA7-4CC0-9145-69A95EE78318}.Release|Any CPU.Build.0 = Release|Any CPU
	EndGlobalSection
	GlobalSection(SolutionProperties) = preSolution
		HideSolutionNode = FALSE
	EndGlobalSection
	GlobalSection(ExtensibilityGlobals) = postSolution
		SolutionGuid = {0755AF7B-BBCD-4CEB-8E14-A93F21FC1AB3}
	EndGlobalSection
EndGlobal
